
Microsoft Visual Studio Solution File, Format Version 12.00
Project("{FAE04EC0-301F-11D3-BF4B-00C04F79EFBC}") = "Service", "Service\Service.csproj", "{6F3C6720-150E-4646-BCEC-F37A45DA72B5}"
EndProject
Project("{2150E333-8FDC-42A3-9474-1A3956D46DE8}") = "Solution Items", "Solution Items", "{BBCF0CDA-9A4E-4E73-9F92-CB7E5C4DA042}"
	ProjectSection(SolutionItems) = preProject
		docker-compose.yml = docker-compose.yml
		init_db.sql = init_db.sql
		.gitignore = .gitignore
	EndProjectSection
EndProject
Global
	GlobalSection(SolutionConfigurationPlatforms) = preSolution
		Debug|Any CPU = Debug|Any CPU
		Release|Any CPU = Release|Any CPU
	EndGlobalSection
	GlobalSection(ProjectConfigurationPlatforms) = postSolution
		{6F3C6720-150E-4646-BCEC-F37A45DA72B5}.Debug|Any CPU.ActiveCfg = Debug|Any CPU
		{6F3C6720-150E-4646-BCEC-F37A45DA72B5}.Debug|Any CPU.Build.0 = Debug|Any CPU
		{6F3C6720-150E-4646-BCEC-F37A45DA72B5}.Release|Any CPU.ActiveCfg = Release|Any CPU
		{6F3C6720-150E-4646-BCEC-F37A45DA72B5}.Release|Any CPU.Build.0 = Release|Any CPU
	EndGlobalSection
EndGlobal
